// !$*UTF8*$!
{
	archiveVersion = 1;
	classes = {
	};
	objectVersion = 46;
	objects = {

/* Begin PBXBuildFile section */
		C8C42F57196745A80041645E /* Foundation.framework in Frameworks */ = {isa = PBXBuildFile; fileRef = C8C42F56196745A80041645E /* Foundation.framework */; };
		C8C42F59196745A80041645E /* CoreGraphics.framework in Frameworks */ = {isa = PBXBuildFile; fileRef = C8C42F58196745A80041645E /* CoreGraphics.framework */; };
		C8C42F5B196745A80041645E /* UIKit.framework in Frameworks */ = {isa = PBXBuildFile; fileRef = C8C42F5A196745A80041645E /* UIKit.framework */; };
		C8C42F61196745A80041645E /* InfoPlist.strings in Resources */ = {isa = PBXBuildFile; fileRef = C8C42F5F196745A80041645E /* InfoPlist.strings */; };
		C8C42F63196745A80041645E /* main.m in Sources */ = {isa = PBXBuildFile; fileRef = C8C42F62196745A80041645E /* main.m */; };
		C8C42F67196745A80041645E /* PTAAppDelegate.m in Sources */ = {isa = PBXBuildFile; fileRef = C8C42F66196745A80041645E /* PTAAppDelegate.m */; };
		C8C42F69196745A80041645E /* Images.xcassets in Resources */ = {isa = PBXBuildFile; fileRef = C8C42F68196745A80041645E /* Images.xcassets */; };
		C8C42F70196745A80041645E /* XCTest.framework in Frameworks */ = {isa = PBXBuildFile; fileRef = C8C42F6F196745A80041645E /* XCTest.framework */; };
		C8C42F71196745A80041645E /* Foundation.framework in Frameworks */ = {isa = PBXBuildFile; fileRef = C8C42F56196745A80041645E /* Foundation.framework */; };
		C8C42F72196745A80041645E /* UIKit.framework in Frameworks */ = {isa = PBXBuildFile; fileRef = C8C42F5A196745A80041645E /* UIKit.framework */; };
		C8C42F7A196745A80041645E /* InfoPlist.strings in Resources */ = {isa = PBXBuildFile; fileRef = C8C42F78196745A80041645E /* InfoPlist.strings */; };
		C8C42F7C196745A80041645E /* PointTests.m in Sources */ = {isa = PBXBuildFile; fileRef = C8C42F7B196745A80041645E /* PointTests.m */; };
/* End PBXBuildFile section */

/* Begin PBXContainerItemProxy section */
		C8C42F73196745A80041645E /* PBXContainerItemProxy */ = {
			isa = PBXContainerItemProxy;
			containerPortal = C8C42F4B196745A80041645E /* Project object */;
			proxyType = 1;
			remoteGlobalIDString = C8C42F52196745A80041645E;
			remoteInfo = Point;
		};
/* End PBXContainerItemProxy section */

/* Begin PBXFileReference section */
		C8C42F53196745A80041645E /* Point.app */ = {isa = PBXFileReference; explicitFileType = wrapper.application; includeInIndex = 0; path = Point.app; sourceTree = BUILT_PRODUCTS_DIR; };
		C8C42F56196745A80041645E /* Foundation.framework */ = {isa = PBXFileReference; lastKnownFileType = wrapper.framework; name = Foundation.framework; path = System/Library/Frameworks/Foundation.framework; sourceTree = SDKROOT; };
		C8C42F58196745A80041645E /* CoreGraphics.framework */ = {isa = PBXFileReference; lastKnownFileType = wrapper.framework; name = CoreGraphics.framework; path = System/Library/Frameworks/CoreGraphics.framework; sourceTree = SDKROOT; };
		C8C42F5A196745A80041645E /* UIKit.framework */ = {isa = PBXFileReference; lastKnownFileType = wrapper.framework; name = UIKit.framework; path = System/Library/Frameworks/UIKit.framework; sourceTree = SDKROOT; };
		C8C42F5E196745A80041645E /* Point-Info.plist */ = {isa = PBXFileReference; lastKnownFileType = text.plist.xml; path = "Point-Info.plist"; sourceTree = "<group>"; };
		C8C42F60196745A80041645E /* en */ = {isa = PBXFileReference; lastKnownFileType = text.plist.strings; name = en; path = en.lproj/InfoPlist.strings; sourceTree = "<group>"; };
		C8C42F62196745A80041645E /* main.m */ = {isa = PBXFileReference; lastKnownFileType = sourcecode.c.objc; path = main.m; sourceTree = "<group>"; };
		C8C42F64196745A80041645E /* Point-Prefix.pch */ = {isa = PBXFileReference; lastKnownFileType = sourcecode.c.h; path = "Point-Prefix.pch"; sourceTree = "<group>"; };
		C8C42F65196745A80041645E /* PTAAppDelegate.h */ = {isa = PBXFileReference; lastKnownFileType = sourcecode.c.h; path = PTAAppDelegate.h; sourceTree = "<group>"; };
		C8C42F66196745A80041645E /* PTAAppDelegate.m */ = {isa = PBXFileReference; lastKnownFileType = sourcecode.c.objc; path = PTAAppDelegate.m; sourceTree = "<group>"; };
		C8C42F68196745A80041645E /* Images.xcassets */ = {isa = PBXFileReference; lastKnownFileType = folder.assetcatalog; path = Images.xcassets; sourceTree = "<group>"; };
		C8C42F6E196745A80041645E /* PointTests.xctest */ = {isa = PBXFileReference; explicitFileType = wrapper.cfbundle; includeInIndex = 0; path = PointTests.xctest; sourceTree = BUILT_PRODUCTS_DIR; };
		C8C42F6F196745A80041645E /* XCTest.framework */ = {isa = PBXFileReference; lastKnownFileType = wrapper.framework; name = XCTest.framework; path = Library/Frameworks/XCTest.framework; sourceTree = DEVELOPER_DIR; };
		C8C42F77196745A80041645E /* PointTests-Info.plist */ = {isa = PBXFileReference; lastKnownFileType = text.plist.xml; path = "PointTests-Info.plist"; sourceTree = "<group>"; };
		C8C42F79196745A80041645E /* en */ = {isa = PBXFileReference; lastKnownFileType = text.plist.strings; name = en; path = en.lproj/InfoPlist.strings; sourceTree = "<group>"; };
		C8C42F7B196745A80041645E /* PointTests.m */ = {isa = PBXFileReference; lastKnownFileType = sourcecode.c.objc; path = PointTests.m; sourceTree = "<group>"; };
/* End PBXFileReference section */

/* Begin PBXFrameworksBuildPhase section */
		C8C42F50196745A80041645E /* Frameworks */ = {
			isa = PBXFrameworksBuildPhase;
			buildActionMask = 2147483647;
			files = (
				C8C42F59196745A80041645E /* CoreGraphics.framework in Frameworks */,
				C8C42F5B196745A80041645E /* UIKit.framework in Frameworks */,
				C8C42F57196745A80041645E /* Foundation.framework in Frameworks */,
			);
			runOnlyForDeploymentPostprocessing = 0;
		};
		C8C42F6B196745A80041645E /* Frameworks */ = {
			isa = PBXFrameworksBuildPhase;
			buildActionMask = 2147483647;
			files = (
				C8C42F70196745A80041645E /* XCTest.framework in Frameworks */,
				C8C42F72196745A80041645E /* UIKit.framework in Frameworks */,
				C8C42F71196745A80041645E /* Foundation.framework in Frameworks */,
			);
			runOnlyForDeploymentPostprocessing = 0;
		};
/* End PBXFrameworksBuildPhase section */

/* Begin PBXGroup section */
		C8C42F4A196745A80041645E = {
			isa = PBXGroup;
			children = (
				C8C42F5C196745A80041645E /* Point */,
				C8C42F75196745A80041645E /* PointTests */,
				C8C42F55196745A80041645E /* Frameworks */,
				C8C42F54196745A80041645E /* Products */,
			);
			sourceTree = "<group>";
		};
		C8C42F54196745A80041645E /* Products */ = {
			isa = PBXGroup;
			children = (
				C8C42F53196745A80041645E /* Point.app */,
				C8C42F6E196745A80041645E /* PointTests.xctest */,
			);
			name = Products;
			sourceTree = "<group>";
		};
		C8C42F55196745A80041645E /* Frameworks */ = {
			isa = PBXGroup;
			children = (
				C8C42F56196745A80041645E /* Foundation.framework */,
				C8C42F58196745A80041645E /* CoreGraphics.framework */,
				C8C42F5A196745A80041645E /* UIKit.framework */,
				C8C42F6F196745A80041645E /* XCTest.framework */,
			);
			name = Frameworks;
			sourceTree = "<group>";
		};
		C8C42F5C196745A80041645E /* Point */ = {
			isa = PBXGroup;
			children = (
				C8C42F65196745A80041645E /* PTAAppDelegate.h */,
				C8C42F66196745A80041645E /* PTAAppDelegate.m */,
				C8C42F68196745A80041645E /* Images.xcassets */,
				C8C42F5D196745A80041645E /* Supporting Files */,
			);
			path = Point;
			sourceTree = "<group>";
		};
		C8C42F5D196745A80041645E /* Supporting Files */ = {
			isa = PBXGroup;
			children = (
				C8C42F5E196745A80041645E /* Point-Info.plist */,
				C8C42F5F196745A80041645E /* InfoPlist.strings */,
				C8C42F62196745A80041645E /* main.m */,
				C8C42F64196745A80041645E /* Point-Prefix.pch */,
			);
			name = "Supporting Files";
			sourceTree = "<group>";
		};
		C8C42F75196745A80041645E /* PointTests */ = {
			isa = PBXGroup;
			children = (
				C8C42F7B196745A80041645E /* PointTests.m */,
				C8C42F76196745A80041645E /* Supporting Files */,
			);
			path = PointTests;
			sourceTree = "<group>";
		};
		C8C42F76196745A80041645E /* Supporting Files */ = {
			isa = PBXGroup;
			children = (
				C8C42F77196745A80041645E /* PointTests-Info.plist */,
				C8C42F78196745A80041645E /* InfoPlist.strings */,
			);
			name = "Supporting Files";
			sourceTree = "<group>";
		};
/* End PBXGroup section */

/* Begin PBXNativeTarget section */
		C8C42F52196745A80041645E /* Point */ = {
			isa = PBXNativeTarget;
			buildConfigurationList = C8C42F7F196745A80041645E /* Build configuration list for PBXNativeTarget "Point" */;
			buildPhases = (
				C8C42F4F196745A80041645E /* Sources */,
				C8C42F50196745A80041645E /* Frameworks */,
				C8C42F51196745A80041645E /* Resources */,
			);
			buildRules = (
			);
			dependencies = (
			);
			name = Point;
			productName = Point;
			productReference = C8C42F53196745A80041645E /* Point.app */;
			productType = "com.apple.product-type.application";
		};
		C8C42F6D196745A80041645E /* PointTests */ = {
			isa = PBXNativeTarget;
			buildConfigurationList = C8C42F82196745A80041645E /* Build configuration list for PBXNativeTarget "PointTests" */;
			buildPhases = (
				C8C42F6A196745A80041645E /* Sources */,
				C8C42F6B196745A80041645E /* Frameworks */,
				C8C42F6C196745A80041645E /* Resources */,
			);
			buildRules = (
			);
			dependencies = (
				C8C42F74196745A80041645E /* PBXTargetDependency */,
			);
			name = PointTests;
			productName = PointTests;
			productReference = C8C42F6E196745A80041645E /* PointTests.xctest */;
			productType = "com.apple.product-type.bundle.unit-test";
		};
/* End PBXNativeTarget section */

/* Begin PBXProject section */
		C8C42F4B196745A80041645E /* Project object */ = {
			isa = PBXProject;
			attributes = {
				CLASSPREFIX = PTA;
				LastUpgradeCheck = 0510;
				ORGANIZATIONNAME = "Mikey Lintz";
				TargetAttributes = {
					C8C42F6D196745A80041645E = {
						TestTargetID = C8C42F52196745A80041645E;
					};
				};
			};
			buildConfigurationList = C8C42F4E196745A80041645E /* Build configuration list for PBXProject "Point" */;
			compatibilityVersion = "Xcode 3.2";
			developmentRegion = English;
			hasScannedForEncodings = 0;
			knownRegions = (
				en,
			);
			mainGroup = C8C42F4A196745A80041645E;
			productRefGroup = C8C42F54196745A80041645E /* Products */;
			projectDirPath = "";
			projectRoot = "";
			targets = (
				C8C42F52196745A80041645E /* Point */,
				C8C42F6D196745A80041645E /* PointTests */,
			);
		};
/* End PBXProject section */

/* Begin PBXResourcesBuildPhase section */
		C8C42F51196745A80041645E /* Resources */ = {
			isa = PBXResourcesBuildPhase;
			buildActionMask = 2147483647;
			files = (
				C8C42F61196745A80041645E /* InfoPlist.strings in Resources */,
				C8C42F69196745A80041645E /* Images.xcassets in Resources */,
			);
			runOnlyForDeploymentPostprocessing = 0;
		};
		C8C42F6C196745A80041645E /* Resources */ = {
			isa = PBXResourcesBuildPhase;
			buildActionMask = 2147483647;
			files = (
				C8C42F7A196745A80041645E /* InfoPlist.strings in Resources */,
			);
			runOnlyForDeploymentPostprocessing = 0;
		};
/* End PBXResourcesBuildPhase section */

/* Begin PBXSourcesBuildPhase section */
		C8C42F4F196745A80041645E /* Sources */ = {
			isa = PBXSourcesBuildPhase;
			buildActionMask = 2147483647;
			files = (
				C8C42F67196745A80041645E /* PTAAppDelegate.m in Sources */,
				C8C42F63196745A80041645E /* main.m in Sources */,
			);
			runOnlyForDeploymentPostprocessing = 0;
		};
		C8C42F6A196745A80041645E /* Sources */ = {
			isa = PBXSourcesBuildPhase;
			buildActionMask = 2147483647;
			files = (
				C8C42F7C196745A80041645E /* PointTests.m in Sources */,
			);
			runOnlyForDeploymentPostprocessing = 0;
		};
/* End PBXSourcesBuildPhase section */

/* Begin PBXTargetDependency section */
		C8C42F74196745A80041645E /* PBXTargetDependency */ = {
			isa = PBXTargetDependency;
			target = C8C42F52196745A80041645E /* Point */;
			targetProxy = C8C42F73196745A80041645E /* PBXContainerItemProxy */;
		};
/* End PBXTargetDependency section */

/* Begin PBXVariantGroup section */
		C8C42F5F196745A80041645E /* InfoPlist.strings */ = {
			isa = PBXVariantGroup;
			children = (
				C8C42F60196745A80041645E /* en */,
			);
			name = InfoPlist.strings;
			sourceTree = "<group>";
		};
		C8C42F78196745A80041645E /* InfoPlist.strings */ = {
			isa = PBXVariantGroup;
			children = (
				C8C42F79196745A80041645E /* en */,
			);
			name = InfoPlist.strings;
			sourceTree = "<group>";
		};
/* End PBXVariantGroup section */

/* Begin XCBuildConfiguration section */
		C8C42F7D196745A80041645E /* Debug */ = {
			isa = XCBuildConfiguration;
			buildSettings = {
				ALWAYS_SEARCH_USER_PATHS = NO;
				CLANG_CXX_LANGUAGE_STANDARD = "gnu++0x";
				CLANG_CXX_LIBRARY = "libc++";
				CLANG_ENABLE_MODULES = YES;
				CLANG_ENABLE_OBJC_ARC = YES;
				CLANG_WARN_BOOL_CONVERSION = YES;
				CLANG_WARN_CONSTANT_CONVERSION = YES;
				CLANG_WARN_DIRECT_OBJC_ISA_USAGE = YES_ERROR;
				CLANG_WARN_EMPTY_BODY = YES;
				CLANG_WARN_ENUM_CONVERSION = YES;
				CLANG_WARN_INT_CONVERSION = YES;
				CLANG_WARN_OBJC_ROOT_CLASS = YES_ERROR;
				CLANG_WARN__DUPLICATE_METHOD_MATCH = YES;
				"CODE_SIGN_IDENTITY[sdk=iphoneos*]" = "iPhone Developer";
				COPY_PHASE_STRIP = NO;
				GCC_C_LANGUAGE_STANDARD = gnu99;
				GCC_DYNAMIC_NO_PIC = NO;
				GCC_OPTIMIZATION_LEVEL = 0;
				GCC_PREPROCESSOR_DEFINITIONS = (
					"DEBUG=1",
					"$(inherited)",
				);
				GCC_SYMBOLS_PRIVATE_EXTERN = NO;
				GCC_WARN_64_TO_32_BIT_CONVERSION = YES;
				GCC_WARN_ABOUT_RETURN_TYPE = YES_ERROR;
				GCC_WARN_UNDECLARED_SELECTOR = YES;
				GCC_WARN_UNINITIALIZED_AUTOS = YES_AGGRESSIVE;
				GCC_WARN_UNUSED_FUNCTION = YES;
				GCC_WARN_UNUSED_VARIABLE = YES;
				IPHONEOS_DEPLOYMENT_TARGET = 7.1;
				ONLY_ACTIVE_ARCH = YES;
				SDKROOT = iphoneos;
				TARGETED_DEVICE_FAMILY = "1,2";
			};
			name = Debug;
		};
		C8C42F7E196745A80041645E /* Release */ = {
			isa = XCBuildConfiguration;
			buildSettings = {
				ALWAYS_SEARCH_USER_PATHS = NO;
				CLANG_CXX_LANGUAGE_STANDARD = "gnu++0x";
				CLANG_CXX_LIBRARY = "libc++";
				CLANG_ENABLE_MODULES = YES;
				CLANG_ENABLE_OBJC_ARC = YES;
				CLANG_WARN_BOOL_CONVERSION = YES;
				CLANG_WARN_CONSTANT_CONVERSION = YES;
				CLANG_WARN_DIRECT_OBJC_ISA_USAGE = YES_ERROR;
				CLANG_WARN_EMPTY_BODY = YES;
				CLANG_WARN_ENUM_CONVERSION = YES;
				CLANG_WARN_INT_CONVERSION = YES;
				CLANG_WARN_OBJC_ROOT_CLASS = YES_ERROR;
				CLANG_WARN__DUPLICATE_METHOD_MATCH = YES;
				"CODE_SIGN_IDENTITY[sdk=iphoneos*]" = "iPhone Developer";
				COPY_PHASE_STRIP = YES;
				ENABLE_NS_ASSERTIONS = NO;
				GCC_C_LANGUAGE_STANDARD = gnu99;
				GCC_WARN_64_TO_32_BIT_CONVERSION = YES;
				GCC_WARN_ABOUT_RETURN_TYPE = YES_ERROR;
				GCC_WARN_UNDECLARED_SELECTOR = YES;
				GCC_WARN_UNINITIALIZED_AUTOS = YES_AGGRESSIVE;
				GCC_WARN_UNUSED_FUNCTION = YES;
				GCC_WARN_UNUSED_VARIABLE = YES;
				IPHONEOS_DEPLOYMENT_TARGET = 7.1;
				SDKROOT = iphoneos;
				TARGETED_DEVICE_FAMILY = "1,2";
				VALIDATE_PRODUCT = YES;
			};
			name = Release;
		};
		C8C42F80196745A80041645E /* Debug */ = {
			isa = XCBuildConfiguration;
			buildSettings = {
				ASSETCATALOG_COMPILER_APPICON_NAME = AppIcon;
				ASSETCATALOG_COMPILER_LAUNCHIMAGE_NAME = LaunchImage;
				GCC_PRECOMPILE_PREFIX_HEADER = YES;
				GCC_PREFIX_HEADER = "Point/Point-Prefix.pch";
				INFOPLIST_FILE = "Point/Point-Info.plist";
				PRODUCT_NAME = "$(TARGET_NAME)";
				WRAPPER_EXTENSION = app;
			};
			name = Debug;
		};
		C8C42F81196745A80041645E /* Release */ = {
			isa = XCBuildConfiguration;
			buildSettings = {
				ASSETCATALOG_COMPILER_APPICON_NAME = AppIcon;
				ASSETCATALOG_COMPILER_LAUNCHIMAGE_NAME = LaunchImage;
				GCC_PRECOMPILE_PREFIX_HEADER = YES;
				GCC_PREFIX_HEADER = "Point/Point-Prefix.pch";
				INFOPLIST_FILE = "Point/Point-Info.plist";
				PRODUCT_NAME = "$(TARGET_NAME)";
				WRAPPER_EXTENSION = app;
			};
			name = Release;
		};
		C8C42F83196745A80041645E /* Debug */ = {
			isa = XCBuildConfiguration;
			buildSettings = {
				BUNDLE_LOADER = "$(BUILT_PRODUCTS_DIR)/Point.app/Point";
				FRAMEWORK_SEARCH_PATHS = (
					"$(SDKROOT)/Developer/Library/Frameworks",
					"$(inherited)",
					"$(DEVELOPER_FRAMEWORKS_DIR)",
				);
				GCC_PRECOMPILE_PREFIX_HEADER = YES;
				GCC_PREFIX_HEADER = "Point/Point-Prefix.pch";
				GCC_PREPROCESSOR_DEFINITIONS = (
					"DEBUG=1",
					"$(inherited)",
				);
				INFOPLIST_FILE = "PointTests/PointTests-Info.plist";
				PRODUCT_NAME = "$(TARGET_NAME)";
				TEST_HOST = "$(BUNDLE_LOADER)";
				WRAPPER_EXTENSION = xctest;
			};
			name = Debug;
		};
		C8C42F84196745A80041645E /* Release */ = {
			isa = XCBuildConfiguration;
			buildSettings = {
				BUNDLE_LOADER = "$(BUILT_PRODUCTS_DIR)/Point.app/Point";
				FRAMEWORK_SEARCH_PATHS = (
					"$(SDKROOT)/Developer/Library/Frameworks",
					"$(inherited)",
					"$(DEVELOPER_FRAMEWORKS_DIR)",
				);
				GCC_PRECOMPILE_PREFIX_HEADER = YES;
				GCC_PREFIX_HEADER = "Point/Point-Prefix.pch";
				INFOPLIST_FILE = "PointTests/PointTests-Info.plist";
				PRODUCT_NAME = "$(TARGET_NAME)";
				TEST_HOST = "$(BUNDLE_LOADER)";
				WRAPPER_EXTENSION = xctest;
			};
			name = Release;
		};
/* End XCBuildConfiguration section */

/* Begin XCConfigurationList section */
		C8C42F4E196745A80041645E /* Build configuration list for PBXProject "Point" */ = {
			isa = XCConfigurationList;
			buildConfigurations = (
				C8C42F7D196745A80041645E /* Debug */,
				C8C42F7E196745A80041645E /* Release */,
			);
			defaultConfigurationIsVisible = 0;
			defaultConfigurationName = Release;
		};
		C8C42F7F196745A80041645E /* Build configuration list for PBXNativeTarget "Point" */ = {
			isa = XCConfigurationList;
			buildConfigurations = (
				C8C42F80196745A80041645E /* Debug */,
				C8C42F81196745A80041645E /* Release */,
			);
			defaultConfigurationIsVisible = 0;
		};
		C8C42F82196745A80041645E /* Build configuration list for PBXNativeTarget "PointTests" */ = {
			isa = XCConfigurationList;
			buildConfigurations = (
				C8C42F83196745A80041645E /* Debug */,
				C8C42F84196745A80041645E /* Release */,
			);
			defaultConfigurationIsVisible = 0;
		};
/* End XCConfigurationList section */
	};
	rootObject = C8C42F4B196745A80041645E /* Project object */;
}
